// !$*UTF8*$!
{
	archiveVersion = 1;
	classes = {
	};
	objectVersion = 77;
	objects = {

/* Begin PBXContainerItemProxy section */
		DE03C5A82DAFFD4A00B144CE /* PBXContainerItemProxy */ = {
			isa = PBXContainerItemProxy;
			containerPortal = DE03C5892DAFFD4800B144CE /* Project object */;
			proxyType = 1;
			remoteGlobalIDString = DE03C5902DAFFD4800B144CE;
			remoteInfo = DjayOnboarding;
		};
		DE03C5B22DAFFD4A00B144CE /* PBXContainerItemProxy */ = {
			isa = PBXContainerItemProxy;
			containerPortal = DE03C5892DAFFD4800B144CE /* Project object */;
			proxyType = 1;
			remoteGlobalIDString = DE03C5902DAFFD4800B144CE;
			remoteInfo = DjayOnboarding;
		};
/* End PBXContainerItemProxy section */

/* Begin PBXFileReference section */
		DE03C5912DAFFD4800B144CE /* DjayOnboarding.app */ = {isa = PBXFileReference; explicitFileType = wrapper.application; includeInIndex = 0; path = DjayOnboarding.app; sourceTree = BUILT_PRODUCTS_DIR; };
		DE03C5A72DAFFD4A00B144CE /* DjayOnboardingTests.xctest */ = {isa = PBXFileReference; explicitFileType = wrapper.cfbundle; includeInIndex = 0; path = DjayOnboardingTests.xctest; sourceTree = BUILT_PRODUCTS_DIR; };
		DE03C5B12DAFFD4A00B144CE /* DjayOnboardingUITests.xctest */ = {isa = PBXFileReference; explicitFileType = wrapper.cfbundle; includeInIndex = 0; path = DjayOnboardingUITests.xctest; sourceTree = BUILT_PRODUCTS_DIR; };
/* End PBXFileReference section */

/* Begin PBXFileSystemSynchronizedBuildFileExceptionSet section */
		DE03C5B92DAFFD4A00B144CE /* Exceptions for "DjayOnboarding" folder in "DjayOnboarding" target */ = {
			isa = PBXFileSystemSynchronizedBuildFileExceptionSet;
			membershipExceptions = (
				Info.plist,
			);
			target = DE03C5902DAFFD4800B144CE /* DjayOnboarding */;
		};
/* End PBXFileSystemSynchronizedBuildFileExceptionSet section */

/* Begin PBXFileSystemSynchronizedRootGroup section */
		DE03C5932DAFFD4800B144CE /* DjayOnboarding */ = {
			isa = PBXFileSystemSynchronizedRootGroup;
			exceptions = (
				DE03C5B92DAFFD4A00B144CE /* Exceptions for "DjayOnboarding" folder in "DjayOnboarding" target */,
			);
			path = DjayOnboarding;
			sourceTree = "<group>";
		};
		DE03C5AA2DAFFD4A00B144CE /* DjayOnboardingTests */ = {
			isa = PBXFileSystemSynchronizedRootGroup;
			path = DjayOnboardingTests;
			sourceTree = "<group>";
		};
		DE03C5B42DAFFD4A00B144CE /* DjayOnboardingUITests */ = {
			isa = PBXFileSystemSynchronizedRootGroup;
			path = DjayOnboardingUITests;
			sourceTree = "<group>";
		};
/* End PBXFileSystemSynchronizedRootGroup section */

/* Begin PBXFrameworksBuildPhase section */
		DE03C58E2DAFFD4800B144CE /* Frameworks */ = {
			isa = PBXFrameworksBuildPhase;
			buildActionMask = 2147483647;
			files = (
			);
			runOnlyForDeploymentPostprocessing = 0;
		};
		DE03C5A42DAFFD4A00B144CE /* Frameworks */ = {
			isa = PBXFrameworksBuildPhase;
			buildActionMask = 2147483647;
			files = (
			);
			runOnlyForDeploymentPostprocessing = 0;
		};
		DE03C5AE2DAFFD4A00B144CE /* Frameworks */ = {
			isa = PBXFrameworksBuildPhase;
			buildActionMask = 2147483647;
			files = (
			);
			runOnlyForDeploymentPostprocessing = 0;
		};
/* End PBXFrameworksBuildPhase section */

/* Begin PBXGroup section */
		DE03C5882DAFFD4800B144CE = {
			isa = PBXGroup;
			children = (
				DE03C5932DAFFD4800B144CE /* DjayOnboarding */,
				DE03C5AA2DAFFD4A00B144CE /* DjayOnboardingTests */,
				DE03C5B42DAFFD4A00B144CE /* DjayOnboardingUITests */,
				DE03C5922DAFFD4800B144CE /* Products */,
			);
			sourceTree = "<group>";
		};
		DE03C5922DAFFD4800B144CE /* Products */ = {
			isa = PBXGroup;
			children = (
				DE03C5912DAFFD4800B144CE /* DjayOnboarding.app */,
				DE03C5A72DAFFD4A00B144CE /* DjayOnboardingTests.xctest */,
				DE03C5B12DAFFD4A00B144CE /* DjayOnboardingUITests.xctest */,
			);
			name = Products;
			sourceTree = "<group>";
		};
/* End PBXGroup section */

/* Begin PBXNativeTarget section */
		DE03C5902DAFFD4800B144CE /* DjayOnboarding */ = {
			isa = PBXNativeTarget;
			buildConfigurationList = DE03C5BA2DAFFD4A00B144CE /* Build configuration list for PBXNativeTarget "DjayOnboarding" */;
			buildPhases = (
				DE03C58D2DAFFD4800B144CE /* Sources */,
				DE03C58E2DAFFD4800B144CE /* Frameworks */,
				DE03C58F2DAFFD4800B144CE /* Resources */,
			);
			buildRules = (
			);
			dependencies = (
			);
			fileSystemSynchronizedGroups = (
				DE03C5932DAFFD4800B144CE /* DjayOnboarding */,
			);
			name = DjayOnboarding;
			packageProductDependencies = (
			);
			productName = DjayOnboarding;
			productReference = DE03C5912DAFFD4800B144CE /* DjayOnboarding.app */;
			productType = "com.apple.product-type.application";
		};
		DE03C5A62DAFFD4A00B144CE /* DjayOnboardingTests */ = {
			isa = PBXNativeTarget;
			buildConfigurationList = DE03C5BF2DAFFD4A00B144CE /* Build configuration list for PBXNativeTarget "DjayOnboardingTests" */;
			buildPhases = (
				DE03C5A32DAFFD4A00B144CE /* Sources */,
				DE03C5A42DAFFD4A00B144CE /* Frameworks */,
				DE03C5A52DAFFD4A00B144CE /* Resources */,
			);
			buildRules = (
			);
			dependencies = (
				DE03C5A92DAFFD4A00B144CE /* PBXTargetDependency */,
			);
			fileSystemSynchronizedGroups = (
				DE03C5AA2DAFFD4A00B144CE /* DjayOnboardingTests */,
			);
			name = DjayOnboardingTests;
			packageProductDependencies = (
			);
			productName = DjayOnboardingTests;
			productReference = DE03C5A72DAFFD4A00B144CE /* DjayOnboardingTests.xctest */;
			productType = "com.apple.product-type.bundle.unit-test";
		};
		DE03C5B02DAFFD4A00B144CE /* DjayOnboardingUITests */ = {
			isa = PBXNativeTarget;
			buildConfigurationList = DE03C5C22DAFFD4A00B144CE /* Build configuration list for PBXNativeTarget "DjayOnboardingUITests" */;
			buildPhases = (
				DE03C5AD2DAFFD4A00B144CE /* Sources */,
				DE03C5AE2DAFFD4A00B144CE /* Frameworks */,
				DE03C5AF2DAFFD4A00B144CE /* Resources */,
			);
			buildRules = (
			);
			dependencies = (
				DE03C5B32DAFFD4A00B144CE /* PBXTargetDependency */,
			);
			fileSystemSynchronizedGroups = (
				DE03C5B42DAFFD4A00B144CE /* DjayOnboardingUITests */,
			);
			name = DjayOnboardingUITests;
			packageProductDependencies = (
			);
			productName = DjayOnboardingUITests;
			productReference = DE03C5B12DAFFD4A00B144CE /* DjayOnboardingUITests.xctest */;
			productType = "com.apple.product-type.bundle.ui-testing";
		};
/* End PBXNativeTarget section */

/* Begin PBXProject section */
		DE03C5892DAFFD4800B144CE /* Project object */ = {
			isa = PBXProject;
			attributes = {
				BuildIndependentTargetsInParallel = 1;
				LastSwiftUpdateCheck = 1630;
				LastUpgradeCheck = 1630;
				TargetAttributes = {
					DE03C5902DAFFD4800B144CE = {
						CreatedOnToolsVersion = 16.3;
					};
					DE03C5A62DAFFD4A00B144CE = {
						CreatedOnToolsVersion = 16.3;
						TestTargetID = DE03C5902DAFFD4800B144CE;
					};
					DE03C5B02DAFFD4A00B144CE = {
						CreatedOnToolsVersion = 16.3;
						TestTargetID = DE03C5902DAFFD4800B144CE;
					};
				};
			};
			buildConfigurationList = DE03C58C2DAFFD4800B144CE /* Build configuration list for PBXProject "DjayOnboarding" */;
			developmentRegion = en;
			hasScannedForEncodings = 0;
			knownRegions = (
				en,
				Base,
			);
			mainGroup = DE03C5882DAFFD4800B144CE;
			minimizedProjectReferenceProxies = 1;
			preferredProjectObjectVersion = 77;
			productRefGroup = DE03C5922DAFFD4800B144CE /* Products */;
			projectDirPath = "";
			projectRoot = "";
			targets = (
				DE03C5902DAFFD4800B144CE /* DjayOnboarding */,
				DE03C5A62DAFFD4A00B144CE /* DjayOnboardingTests */,
				DE03C5B02DAFFD4A00B144CE /* DjayOnboardingUITests */,
			);
		};
/* End PBXProject section */

/* Begin PBXResourcesBuildPhase section */
		DE03C58F2DAFFD4800B144CE /* Resources */ = {
			isa = PBXResourcesBuildPhase;
			buildActionMask = 2147483647;
			files = (
			);
			runOnlyForDeploymentPostprocessing = 0;
		};
		DE03C5A52DAFFD4A00B144CE /* Resources */ = {
			isa = PBXResourcesBuildPhase;
			buildActionMask = 2147483647;
			files = (
			);
			runOnlyForDeploymentPostprocessing = 0;
		};
		DE03C5AF2DAFFD4A00B144CE /* Resources */ = {
			isa = PBXResourcesBuildPhase;
			buildActionMask = 2147483647;
			files = (
			);
			runOnlyForDeploymentPostprocessing = 0;
		};
/* End PBXResourcesBuildPhase section */

/* Begin PBXSourcesBuildPhase section */
		DE03C58D2DAFFD4800B144CE /* Sources */ = {
			isa = PBXSourcesBuildPhase;
			buildActionMask = 2147483647;
			files = (
			);
			runOnlyForDeploymentPostprocessing = 0;
		};
		DE03C5A32DAFFD4A00B144CE /* Sources */ = {
			isa = PBXSourcesBuildPhase;
			buildActionMask = 2147483647;
			files = (
			);
			runOnlyForDeploymentPostprocessing = 0;
		};
		DE03C5AD2DAFFD4A00B144CE /* Sources */ = {
			isa = PBXSourcesBuildPhase;
			buildActionMask = 2147483647;
			files = (
			);
			runOnlyForDeploymentPostprocessing = 0;
		};
/* End PBXSourcesBuildPhase section */

/* Begin PBXTargetDependency section */
		DE03C5A92DAFFD4A00B144CE /* PBXTargetDependency */ = {
			isa = PBXTargetDependency;
			target = DE03C5902DAFFD4800B144CE /* DjayOnboarding */;
			targetProxy = DE03C5A82DAFFD4A00B144CE /* PBXContainerItemProxy */;
		};
		DE03C5B32DAFFD4A00B144CE /* PBXTargetDependency */ = {
			isa = PBXTargetDependency;
			target = DE03C5902DAFFD4800B144CE /* DjayOnboarding */;
			targetProxy = DE03C5B22DAFFD4A00B144CE /* PBXContainerItemProxy */;
		};
/* End PBXTargetDependency section */

/* Begin XCBuildConfiguration section */
		DE03C5BB2DAFFD4A00B144CE /* Debug */ = {
			isa = XCBuildConfiguration;
			buildSettings = {
				ASSETCATALOG_COMPILER_APPICON_NAME = AppIcon;
				ASSETCATALOG_COMPILER_GLOBAL_ACCENT_COLOR_NAME = AccentColor;
				CODE_SIGN_STYLE = Automatic;
				CURRENT_PROJECT_VERSION = 1;
				DEVELOPMENT_TEAM = K9VTS5PKSX;
				GENERATE_INFOPLIST_FILE = YES;
				INFOPLIST_FILE = DjayOnboarding/Info.plist;
				INFOPLIST_KEY_UIApplicationSupportsIndirectInputEvents = YES;
				INFOPLIST_KEY_UILaunchStoryboardName = LaunchScreen;
				INFOPLIST_KEY_UIMainStoryboardFile = Main;
				INFOPLIST_KEY_UISupportedInterfaceOrientations_iPad = "UIInterfaceOrientationPortrait UIInterfaceOrientationPortraitUpsideDown UIInterfaceOrientationLandscapeLeft UIInterfaceOrientationLandscapeRight";
				INFOPLIST_KEY_UISupportedInterfaceOrientations_iPhone = "UIInterfaceOrientationPortrait UIInterfaceOrientationLandscapeLeft UIInterfaceOrientationLandscapeRight";
				LD_RUNPATH_SEARCH_PATHS = (
					"$(inherited)",
					"@executable_path/Frameworks",
				);
				MARKETING_VERSION = 1.0;
				PRODUCT_BUNDLE_IDENTIFIER = com.palgranum.DjayOnboarding;
				PRODUCT_NAME = "$(TARGET_NAME)";
				SWIFT_EMIT_LOC_STRINGS = YES;
				SWIFT_VERSION = 5.0;
				TARGETED_DEVICE_FAMILY = "1,2";
			};
			name = Debug;
		};
		DE03C5BC2DAFFD4A00B144CE /* Release */ = {
			isa = XCBuildConfiguration;
			buildSettings = {
				ASSETCATALOG_COMPILER_APPICON_NAME = AppIcon;
				ASSETCATALOG_COMPILER_GLOBAL_ACCENT_COLOR_NAME = AccentColor;
				CODE_SIGN_STYLE = Automatic;
				CURRENT_PROJECT_VERSION = 1;
				DEVELOPMENT_TEAM = K9VTS5PKSX;
				GENERATE_INFOPLIST_FILE = YES;
				INFOPLIST_FILE = DjayOnboarding/Info.plist;
				INFOPLIST_KEY_UIApplicationSupportsIndirectInputEvents = YES;
				INFOPLIST_KEY_UILaunchStoryboardName = LaunchScreen;
				INFOPLIST_KEY_UIMainStoryboardFile = Main;
				INFOPLIST_KEY_UISupportedInterfaceOrientations_iPad = "UIInterfaceOrientationPortrait UIInterfaceOrientationPortraitUpsideDown UIInterfaceOrientationLandscapeLeft UIInterfaceOrientationLandscapeRight";
				INFOPLIST_KEY_UISupportedInterfaceOrientations_iPhone = "UIInterfaceOrientationPortrait UIInterfaceOrientationLandscapeLeft UIInterfaceOrientationLandscapeRight";
				LD_RUNPATH_SEARCH_PATHS = (
					"$(inherited)",
					"@executable_path/Frameworks",
				);
				MARKETING_VERSION = 1.0;
				PRODUCT_BUNDLE_IDENTIFIER = com.palgranum.DjayOnboarding;
				PRODUCT_NAME = "$(TARGET_NAME)";
				SWIFT_EMIT_LOC_STRINGS = YES;
				SWIFT_VERSION = 5.0;
				TARGETED_DEVICE_FAMILY = "1,2";
			};
			name = Release;
		};
		DE03C5BD2DAFFD4A00B144CE /* Debug */ = {
			isa = XCBuildConfiguration;
			buildSettings = {
				ALWAYS_SEARCH_USER_PATHS = NO;
				ASSETCATALOG_COMPILER_GENERATE_SWIFT_ASSET_SYMBOL_EXTENSIONS = YES;
				CLANG_ANALYZER_NONNULL = YES;
				CLANG_ANALYZER_NUMBER_OBJECT_CONVERSION = YES_AGGRESSIVE;
				CLANG_CXX_LANGUAGE_STANDARD = "gnu++20";
				CLANG_ENABLE_MODULES = YES;
				CLANG_ENABLE_OBJC_ARC = YES;
				CLANG_ENABLE_OBJC_WEAK = YES;
				CLANG_WARN_BLOCK_CAPTURE_AUTORELEASING = YES;
				CLANG_WARN_BOOL_CONVERSION = YES;
				CLANG_WARN_COMMA = YES;
				CLANG_WARN_CONSTANT_CONVERSION = YES;
				CLANG_WARN_DEPRECATED_OBJC_IMPLEMENTATIONS = YES;
				CLANG_WARN_DIRECT_OBJC_ISA_USAGE = YES_ERROR;
				CLANG_WARN_DOCUMENTATION_COMMENTS = YES;
				CLANG_WARN_EMPTY_BODY = YES;
				CLANG_WARN_ENUM_CONVERSION = YES;
				CLANG_WARN_INFINITE_RECURSION = YES;
				CLANG_WARN_INT_CONVERSION = YES;
				CLANG_WARN_NON_LITERAL_NULL_CONVERSION = YES;
				CLANG_WARN_OBJC_IMPLICIT_RETAIN_SELF = YES;
				CLANG_WARN_OBJC_LITERAL_CONVERSION = YES;
				CLANG_WARN_OBJC_ROOT_CLASS = YES_ERROR;
				CLANG_WARN_QUOTED_INCLUDE_IN_FRAMEWORK_HEADER = YES;
				CLANG_WARN_RANGE_LOOP_ANALYSIS = YES;
				CLANG_WARN_STRICT_PROTOTYPES = YES;
				CLANG_WARN_SUSPICIOUS_MOVE = YES;
				CLANG_WARN_UNGUARDED_AVAILABILITY = YES_AGGRESSIVE;
				CLANG_WARN_UNREACHABLE_CODE = YES;
				CLANG_WARN__DUPLICATE_METHOD_MATCH = YES;
				COPY_PHASE_STRIP = NO;
				DEBUG_INFORMATION_FORMAT = dwarf;
				DEVELOPMENT_TEAM = K9VTS5PKSX;
				ENABLE_STRICT_OBJC_MSGSEND = YES;
				ENABLE_TESTABILITY = YES;
				ENABLE_USER_SCRIPT_SANDBOXING = YES;
				GCC_C_LANGUAGE_STANDARD = gnu17;
				GCC_DYNAMIC_NO_PIC = NO;
				GCC_NO_COMMON_BLOCKS = YES;
				GCC_OPTIMIZATION_LEVEL = 0;
				GCC_PREPROCESSOR_DEFINITIONS = (
					"DEBUG=1",
					"$(inherited)",
				);
				GCC_WARN_64_TO_32_BIT_CONVERSION = YES;
				GCC_WARN_ABOUT_RETURN_TYPE = YES_ERROR;
				GCC_WARN_UNDECLARED_SELECTOR = YES;
				GCC_WARN_UNINITIALIZED_AUTOS = YES_AGGRESSIVE;
				GCC_WARN_UNUSED_FUNCTION = YES;
				GCC_WARN_UNUSED_VARIABLE = YES;
				IPHONEOS_DEPLOYMENT_TARGET = 18.4;
				LOCALIZATION_PREFERS_STRING_CATALOGS = YES;
				MTL_ENABLE_DEBUG_INFO = INCLUDE_SOURCE;
				MTL_FAST_MATH = YES;
				ONLY_ACTIVE_ARCH = YES;
				SDKROOT = iphoneos;
				SWIFT_ACTIVE_COMPILATION_CONDITIONS = "DEBUG $(inherited)";
				SWIFT_OPTIMIZATION_LEVEL = "-Onone";
			};
			name = Debug;
		};
		DE03C5BE2DAFFD4A00B144CE /* Release */ = {
			isa = XCBuildConfiguration;
			buildSettings = {
				ALWAYS_SEARCH_USER_PATHS = NO;
				ASSETCATALOG_COMPILER_GENERATE_SWIFT_ASSET_SYMBOL_EXTENSIONS = YES;
				CLANG_ANALYZER_NONNULL = YES;
				CLANG_ANALYZER_NUMBER_OBJECT_CONVERSION = YES_AGGRESSIVE;
				CLANG_CXX_LANGUAGE_STANDARD = "gnu++20";
				CLANG_ENABLE_MODULES = YES;
				CLANG_ENABLE_OBJC_ARC = YES;
				CLANG_ENABLE_OBJC_WEAK = YES;
				CLANG_WARN_BLOCK_CAPTURE_AUTORELEASING = YES;
				CLANG_WARN_BOOL_CONVERSION = YES;
				CLANG_WARN_COMMA = YES;
				CLANG_WARN_CONSTANT_CONVERSION = YES;
				CLANG_WARN_DEPRECATED_OBJC_IMPLEMENTATIONS = YES;
				CLANG_WARN_DIRECT_OBJC_ISA_USAGE = YES_ERROR;
				CLANG_WARN_DOCUMENTATION_COMMENTS = YES;
				CLANG_WARN_EMPTY_BODY = YES;
				CLANG_WARN_ENUM_CONVERSION = YES;
				CLANG_WARN_INFINITE_RECURSION = YES;
				CLANG_WARN_INT_CONVERSION = YES;
				CLANG_WARN_NON_LITERAL_NULL_CONVERSION = YES;
				CLANG_WARN_OBJC_IMPLICIT_RETAIN_SELF = YES;
				CLANG_WARN_OBJC_LITERAL_CONVERSION = YES;
				CLANG_WARN_OBJC_ROOT_CLASS = YES_ERROR;
				CLANG_WARN_QUOTED_INCLUDE_IN_FRAMEWORK_HEADER = YES;
				CLANG_WARN_RANGE_LOOP_ANALYSIS = YES;
				CLANG_WARN_STRICT_PROTOTYPES = YES;
				CLANG_WARN_SUSPICIOUS_MOVE = YES;
				CLANG_WARN_UNGUARDED_AVAILABILITY = YES_AGGRESSIVE;
				CLANG_WARN_UNREACHABLE_CODE = YES;
				CLANG_WARN__DUPLICATE_METHOD_MATCH = YES;
				COPY_PHASE_STRIP = NO;
				DEBUG_INFORMATION_FORMAT = "dwarf-with-dsym";
				DEVELOPMENT_TEAM = K9VTS5PKSX;
				ENABLE_NS_ASSERTIONS = NO;
				ENABLE_STRICT_OBJC_MSGSEND = YES;
				ENABLE_USER_SCRIPT_SANDBOXING = YES;
				GCC_C_LANGUAGE_STANDARD = gnu17;
				GCC_NO_COMMON_BLOCKS = YES;
				GCC_WARN_64_TO_32_BIT_CONVERSION = YES;
				GCC_WARN_ABOUT_RETURN_TYPE = YES_ERROR;
				GCC_WARN_UNDECLARED_SELECTOR = YES;
				GCC_WARN_UNINITIALIZED_AUTOS = YES_AGGRESSIVE;
				GCC_WARN_UNUSED_FUNCTION = YES;
				GCC_WARN_UNUSED_VARIABLE = YES;
				IPHONEOS_DEPLOYMENT_TARGET = 18.4;
				LOCALIZATION_PREFERS_STRING_CATALOGS = YES;
				MTL_ENABLE_DEBUG_INFO = NO;
				MTL_FAST_MATH = YES;
				SDKROOT = iphoneos;
				SWIFT_COMPILATION_MODE = wholemodule;
				VALIDATE_PRODUCT = YES;
			};
			name = Release;
		};
		DE03C5C02DAFFD4A00B144CE /* Debug */ = {
			isa = XCBuildConfiguration;
			buildSettings = {
				BUNDLE_LOADER = "$(TEST_HOST)";
				CODE_SIGN_STYLE = Automatic;
				CURRENT_PROJECT_VERSION = 1;
				DEVELOPMENT_TEAM = K9VTS5PKSX;
				GENERATE_INFOPLIST_FILE = YES;
				IPHONEOS_DEPLOYMENT_TARGET = 18.4;
				MARKETING_VERSION = 1.0;
				PRODUCT_BUNDLE_IDENTIFIER = com.palgranum.DjayOnboardingTests;
				PRODUCT_NAME = "$(TARGET_NAME)";
				SWIFT_EMIT_LOC_STRINGS = NO;
				SWIFT_VERSION = 5.0;
				TARGETED_DEVICE_FAMILY = "1,2";
				TEST_HOST = "$(BUILT_PRODUCTS_DIR)/DjayOnboarding.app/$(BUNDLE_EXECUTABLE_FOLDER_PATH)/DjayOnboarding";
			};
			name = Debug;
		};
		DE03C5C12DAFFD4A00B144CE /* Release */ = {
			isa = XCBuildConfiguration;
			buildSettings = {
				BUNDLE_LOADER = "$(TEST_HOST)";
				CODE_SIGN_STYLE = Automatic;
				CURRENT_PROJECT_VERSION = 1;
				DEVELOPMENT_TEAM = K9VTS5PKSX;
				GENERATE_INFOPLIST_FILE = YES;
				IPHONEOS_DEPLOYMENT_TARGET = 18.4;
				MARKETING_VERSION = 1.0;
				PRODUCT_BUNDLE_IDENTIFIER = com.palgranum.DjayOnboardingTests;
				PRODUCT_NAME = "$(TARGET_NAME)";
				SWIFT_EMIT_LOC_STRINGS = NO;
				SWIFT_VERSION = 5.0;
				TARGETED_DEVICE_FAMILY = "1,2";
				TEST_HOST = "$(BUILT_PRODUCTS_DIR)/DjayOnboarding.app/$(BUNDLE_EXECUTABLE_FOLDER_PATH)/DjayOnboarding";
			};
			name = Release;
		};
		DE03C5C32DAFFD4A00B144CE /* Debug */ = {
			isa = XCBuildConfiguration;
			buildSettings = {
				CODE_SIGN_STYLE = Automatic;
				CURRENT_PROJECT_VERSION = 1;
				DEVELOPMENT_TEAM = K9VTS5PKSX;
				GENERATE_INFOPLIST_FILE = YES;
				MARKETING_VERSION = 1.0;
				PRODUCT_BUNDLE_IDENTIFIER = com.palgranum.DjayOnboardingUITests;
				PRODUCT_NAME = "$(TARGET_NAME)";
				SWIFT_EMIT_LOC_STRINGS = NO;
				SWIFT_VERSION = 5.0;
				TARGETED_DEVICE_FAMILY = "1,2";
				TEST_TARGET_NAME = DjayOnboarding;
			};
			name = Debug;
		};
		DE03C5C42DAFFD4A00B144CE /* Release */ = {
			isa = XCBuildConfiguration;
			buildSettings = {
				CODE_SIGN_STYLE = Automatic;
				CURRENT_PROJECT_VERSION = 1;
				DEVELOPMENT_TEAM = K9VTS5PKSX;
				GENERATE_INFOPLIST_FILE = YES;
				MARKETING_VERSION = 1.0;
				PRODUCT_BUNDLE_IDENTIFIER = com.palgranum.DjayOnboardingUITests;
				PRODUCT_NAME = "$(TARGET_NAME)";
				SWIFT_EMIT_LOC_STRINGS = NO;
				SWIFT_VERSION = 5.0;
				TARGETED_DEVICE_FAMILY = "1,2";
				TEST_TARGET_NAME = DjayOnboarding;
			};
			name = Release;
		};
/* End XCBuildConfiguration section */

/* Begin XCConfigurationList section */
		DE03C58C2DAFFD4800B144CE /* Build configuration list for PBXProject "DjayOnboarding" */ = {
			isa = XCConfigurationList;
			buildConfigurations = (
				DE03C5BD2DAFFD4A00B144CE /* Debug */,
				DE03C5BE2DAFFD4A00B144CE /* Release */,
			);
			defaultConfigurationIsVisible = 0;
			defaultConfigurationName = Release;
		};
		DE03C5BA2DAFFD4A00B144CE /* Build configuration list for PBXNativeTarget "DjayOnboarding" */ = {
			isa = XCConfigurationList;
			buildConfigurations = (
				DE03C5BB2DAFFD4A00B144CE /* Debug */,
				DE03C5BC2DAFFD4A00B144CE /* Release */,
			);
			defaultConfigurationIsVisible = 0;
			defaultConfigurationName = Release;
		};
		DE03C5BF2DAFFD4A00B144CE /* Build configuration list for PBXNativeTarget "DjayOnboardingTests" */ = {
			isa = XCConfigurationList;
			buildConfigurations = (
				DE03C5C02DAFFD4A00B144CE /* Debug */,
				DE03C5C12DAFFD4A00B144CE /* Release */,
			);
			defaultConfigurationIsVisible = 0;
			defaultConfigurationName = Release;
		};
		DE03C5C22DAFFD4A00B144CE /* Build configuration list for PBXNativeTarget "DjayOnboardingUITests" */ = {
			isa = XCConfigurationList;
			buildConfigurations = (
				DE03C5C32DAFFD4A00B144CE /* Debug */,
				DE03C5C42DAFFD4A00B144CE /* Release */,
			);
			defaultConfigurationIsVisible = 0;
			defaultConfigurationName = Release;
		};
/* End XCConfigurationList section */
	};
	rootObject = DE03C5892DAFFD4800B144CE /* Project object */;
}
